// !$*UTF8*$!
{
	archiveVersion = 1;
	classes = {
	};
	objectVersion = 50;
	objects = {

/* Begin PBXBuildFile section */
		EC298590227A1D0E007ECECD /* AppDelegate.swift in Sources */ = {isa = PBXBuildFile; fileRef = EC29858F227A1D0E007ECECD /* AppDelegate.swift */; };
		EC298594227A1D0F007ECECD /* Assets.xcassets in Resources */ = {isa = PBXBuildFile; fileRef = EC298593227A1D0F007ECECD /* Assets.xcassets */; };
		EC298597227A1D0F007ECECD /* Main.storyboard in Resources */ = {isa = PBXBuildFile; fileRef = EC298595227A1D0F007ECECD /* Main.storyboard */; };
		EC2985A3227A1D0F007ECECD /* YJGameEngineTests.swift in Sources */ = {isa = PBXBuildFile; fileRef = EC2985A2227A1D0F007ECECD /* YJGameEngineTests.swift */; };
		EC2985AE227A1D0F007ECECD /* YJGameEngineUITests.swift in Sources */ = {isa = PBXBuildFile; fileRef = EC2985AD227A1D0F007ECECD /* YJGameEngineUITests.swift */; };
		EC2985C7227A6044007ECECD /* NewProjectViewController.swift in Sources */ = {isa = PBXBuildFile; fileRef = EC2985C6227A6044007ECECD /* NewProjectViewController.swift */; };
		EC2985C9227A6423007ECECD /* NewProjectWindow.storyboard in Resources */ = {isa = PBXBuildFile; fileRef = EC2985C8227A6423007ECECD /* NewProjectWindow.storyboard */; };
		EC2985D1227A73FB007ECECD /* AlertManager.swift in Sources */ = {isa = PBXBuildFile; fileRef = EC2985D0227A73FB007ECECD /* AlertManager.swift */; };
		EC2985D3227AAC66007ECECD /* ProjectManager.swift in Sources */ = {isa = PBXBuildFile; fileRef = EC2985D2227AAC66007ECECD /* ProjectManager.swift */; };
		EC42FD08227C0CDE00AB72D9 /* MyEffor.swift in Sources */ = {isa = PBXBuildFile; fileRef = EC42FD07227C0CDE00AB72D9 /* MyEffor.swift */; };
		EC42FD0A227C0D0500AB72D9 /* EngineFileManager.swift in Sources */ = {isa = PBXBuildFile; fileRef = EC42FD09227C0D0500AB72D9 /* EngineFileManager.swift */; };
		EC42FD0C227CED4600AB72D9 /* LeftSideViewController.swift in Sources */ = {isa = PBXBuildFile; fileRef = EC42FD0B227CED4600AB72D9 /* LeftSideViewController.swift */; };
		EC42FD12227D1A4300AB72D9 /* SchemaData.swift in Sources */ = {isa = PBXBuildFile; fileRef = EC42FD11227D1A4300AB72D9 /* SchemaData.swift */; };
		EC42FD16227E2C7500AB72D9 /* NewSchemaViewController.storyboard in Resources */ = {isa = PBXBuildFile; fileRef = EC42FD15227E2C7500AB72D9 /* NewSchemaViewController.storyboard */; };
		EC42FD18227E2CB800AB72D9 /* NewSchemaViewController.swift in Sources */ = {isa = PBXBuildFile; fileRef = EC42FD17227E2CB800AB72D9 /* NewSchemaViewController.swift */; };
		EC9833B322828C0700EECA75 /* WindowManager.swift in Sources */ = {isa = PBXBuildFile; fileRef = EC9833B222828C0700EECA75 /* WindowManager.swift */; };
		EC9833B522828CE800EECA75 /* NewFieldViewController.storyboard in Resources */ = {isa = PBXBuildFile; fileRef = EC9833B422828CE800EECA75 /* NewFieldViewController.storyboard */; };
		EC9833B722828D4800EECA75 /* NewFieldViewController.swift in Sources */ = {isa = PBXBuildFile; fileRef = EC9833B622828D4800EECA75 /* NewFieldViewController.swift */; };
		EC9833BB2283591A00EECA75 /* CSVDecipher.swift in Sources */ = {isa = PBXBuildFile; fileRef = EC9833BA2283591A00EECA75 /* CSVDecipher.swift */; };
		ECE086E522813B36004704FA /* SchemaField.swift in Sources */ = {isa = PBXBuildFile; fileRef = ECE086E422813B36004704FA /* SchemaField.swift */; };
/* End PBXBuildFile section */

/* Begin PBXContainerItemProxy section */
		EC29859F227A1D0F007ECECD /* PBXContainerItemProxy */ = {
			isa = PBXContainerItemProxy;
			containerPortal = EC298584227A1D0E007ECECD /* Project object */;
			proxyType = 1;
			remoteGlobalIDString = EC29858B227A1D0E007ECECD;
			remoteInfo = YJGameEngine;
		};
		EC2985AA227A1D0F007ECECD /* PBXContainerItemProxy */ = {
			isa = PBXContainerItemProxy;
			containerPortal = EC298584227A1D0E007ECECD /* Project object */;
			proxyType = 1;
			remoteGlobalIDString = EC29858B227A1D0E007ECECD;
			remoteInfo = YJGameEngine;
		};
/* End PBXContainerItemProxy section */

/* Begin PBXFileReference section */
		EC29858C227A1D0E007ECECD /* YJGameEngine.app */ = {isa = PBXFileReference; explicitFileType = wrapper.application; includeInIndex = 0; path = YJGameEngine.app; sourceTree = BUILT_PRODUCTS_DIR; };
		EC29858F227A1D0E007ECECD /* AppDelegate.swift */ = {isa = PBXFileReference; lastKnownFileType = sourcecode.swift; path = AppDelegate.swift; sourceTree = "<group>"; };
		EC298593227A1D0F007ECECD /* Assets.xcassets */ = {isa = PBXFileReference; lastKnownFileType = folder.assetcatalog; path = Assets.xcassets; sourceTree = "<group>"; };
		EC298596227A1D0F007ECECD /* Base */ = {isa = PBXFileReference; lastKnownFileType = file.storyboard; name = Base; path = Base.lproj/Main.storyboard; sourceTree = "<group>"; };
		EC298598227A1D0F007ECECD /* Info.plist */ = {isa = PBXFileReference; lastKnownFileType = text.plist.xml; path = Info.plist; sourceTree = "<group>"; };
		EC298599227A1D0F007ECECD /* YJGameEngine.entitlements */ = {isa = PBXFileReference; lastKnownFileType = text.plist.entitlements; path = YJGameEngine.entitlements; sourceTree = "<group>"; };
		EC29859E227A1D0F007ECECD /* YJGameEngineTests.xctest */ = {isa = PBXFileReference; explicitFileType = wrapper.cfbundle; includeInIndex = 0; path = YJGameEngineTests.xctest; sourceTree = BUILT_PRODUCTS_DIR; };
		EC2985A2227A1D0F007ECECD /* YJGameEngineTests.swift */ = {isa = PBXFileReference; lastKnownFileType = sourcecode.swift; path = YJGameEngineTests.swift; sourceTree = "<group>"; };
		EC2985A4227A1D0F007ECECD /* Info.plist */ = {isa = PBXFileReference; lastKnownFileType = text.plist.xml; path = Info.plist; sourceTree = "<group>"; };
		EC2985A9227A1D0F007ECECD /* YJGameEngineUITests.xctest */ = {isa = PBXFileReference; explicitFileType = wrapper.cfbundle; includeInIndex = 0; path = YJGameEngineUITests.xctest; sourceTree = BUILT_PRODUCTS_DIR; };
		EC2985AD227A1D0F007ECECD /* YJGameEngineUITests.swift */ = {isa = PBXFileReference; lastKnownFileType = sourcecode.swift; path = YJGameEngineUITests.swift; sourceTree = "<group>"; };
		EC2985AF227A1D0F007ECECD /* Info.plist */ = {isa = PBXFileReference; lastKnownFileType = text.plist.xml; path = Info.plist; sourceTree = "<group>"; };
		EC2985C6227A6044007ECECD /* NewProjectViewController.swift */ = {isa = PBXFileReference; lastKnownFileType = sourcecode.swift; path = NewProjectViewController.swift; sourceTree = "<group>"; };
		EC2985C8227A6423007ECECD /* NewProjectWindow.storyboard */ = {isa = PBXFileReference; lastKnownFileType = file.storyboard; path = NewProjectWindow.storyboard; sourceTree = "<group>"; };
		EC2985D0227A73FB007ECECD /* AlertManager.swift */ = {isa = PBXFileReference; lastKnownFileType = sourcecode.swift; name = AlertManager.swift; path = EngineTool/AlertManager.swift; sourceTree = "<group>"; };
		EC2985D2227AAC66007ECECD /* ProjectManager.swift */ = {isa = PBXFileReference; lastKnownFileType = sourcecode.swift; path = ProjectManager.swift; sourceTree = "<group>"; };
		EC42FD07227C0CDE00AB72D9 /* MyEffor.swift */ = {isa = PBXFileReference; lastKnownFileType = sourcecode.swift; name = MyEffor.swift; path = EngineTool/MyEffor.swift; sourceTree = "<group>"; };
		EC42FD09227C0D0500AB72D9 /* EngineFileManager.swift */ = {isa = PBXFileReference; fileEncoding = 4; lastKnownFileType = sourcecode.swift; name = EngineFileManager.swift; path = EngineTool/EngineFileManager.swift; sourceTree = "<group>"; };
		EC42FD0B227CED4600AB72D9 /* LeftSideViewController.swift */ = {isa = PBXFileReference; lastKnownFileType = sourcecode.swift; path = LeftSideViewController.swift; sourceTree = "<group>"; };
		EC42FD11227D1A4300AB72D9 /* SchemaData.swift */ = {isa = PBXFileReference; lastKnownFileType = sourcecode.swift; name = SchemaData.swift; path = Data/SchemaData.swift; sourceTree = "<group>"; };
		EC42FD15227E2C7500AB72D9 /* NewSchemaViewController.storyboard */ = {isa = PBXFileReference; fileEncoding = 4; lastKnownFileType = file.storyboard; path = NewSchemaViewController.storyboard; sourceTree = "<group>"; };
		EC42FD17227E2CB800AB72D9 /* NewSchemaViewController.swift */ = {isa = PBXFileReference; lastKnownFileType = sourcecode.swift; path = NewSchemaViewController.swift; sourceTree = "<group>"; };
		EC9833B222828C0700EECA75 /* WindowManager.swift */ = {isa = PBXFileReference; lastKnownFileType = sourcecode.swift; path = WindowManager.swift; sourceTree = "<group>"; };
		EC9833B422828CE800EECA75 /* NewFieldViewController.storyboard */ = {isa = PBXFileReference; lastKnownFileType = file.storyboard; path = NewFieldViewController.storyboard; sourceTree = "<group>"; };
		EC9833B622828D4800EECA75 /* NewFieldViewController.swift */ = {isa = PBXFileReference; lastKnownFileType = sourcecode.swift; path = NewFieldViewController.swift; sourceTree = "<group>"; };
		EC9833BA2283591A00EECA75 /* CSVDecipher.swift */ = {isa = PBXFileReference; lastKnownFileType = sourcecode.swift; name = CSVDecipher.swift; path = Decipher/CSVDecipher.swift; sourceTree = "<group>"; };
		ECE086E422813B36004704FA /* SchemaField.swift */ = {isa = PBXFileReference; lastKnownFileType = sourcecode.swift; name = SchemaField.swift; path = Data/SchemaField.swift; sourceTree = "<group>"; };
/* End PBXFileReference section */

/* Begin PBXFrameworksBuildPhase section */
		EC298589227A1D0E007ECECD /* Frameworks */ = {
			isa = PBXFrameworksBuildPhase;
			buildActionMask = 2147483647;
			files = (
			);
			runOnlyForDeploymentPostprocessing = 0;
		};
		EC29859B227A1D0F007ECECD /* Frameworks */ = {
			isa = PBXFrameworksBuildPhase;
			buildActionMask = 2147483647;
			files = (
			);
			runOnlyForDeploymentPostprocessing = 0;
		};
		EC2985A6227A1D0F007ECECD /* Frameworks */ = {
			isa = PBXFrameworksBuildPhase;
			buildActionMask = 2147483647;
			files = (
			);
			runOnlyForDeploymentPostprocessing = 0;
		};
/* End PBXFrameworksBuildPhase section */

/* Begin PBXGroup section */
		EC298583227A1D0E007ECECD = {
			isa = PBXGroup;
			children = (
				EC29858E227A1D0E007ECECD /* YJGameEngine */,
				EC2985A1227A1D0F007ECECD /* YJGameEngineTests */,
				EC2985AC227A1D0F007ECECD /* YJGameEngineUITests */,
				EC29858D227A1D0E007ECECD /* Products */,
			);
			sourceTree = "<group>";
		};
		EC29858D227A1D0E007ECECD /* Products */ = {
			isa = PBXGroup;
			children = (
				EC29858C227A1D0E007ECECD /* YJGameEngine.app */,
				EC29859E227A1D0F007ECECD /* YJGameEngineTests.xctest */,
				EC2985A9227A1D0F007ECECD /* YJGameEngineUITests.xctest */,
			);
			name = Products;
			sourceTree = "<group>";
		};
		EC29858E227A1D0E007ECECD /* YJGameEngine */ = {
			isa = PBXGroup;
			children = (
				EC9833B9228358FB00EECA75 /* Decipher */,
				EC42FD10227D1A2600AB72D9 /* Data */,
				EC2985CF227A73E4007ECECD /* EngineTool */,
				EC2985BB227A223F007ECECD /* ProjectUI */,
				EC29858F227A1D0E007ECECD /* AppDelegate.swift */,
				EC298593227A1D0F007ECECD /* Assets.xcassets */,
				EC298595227A1D0F007ECECD /* Main.storyboard */,
				EC298598227A1D0F007ECECD /* Info.plist */,
				EC298599227A1D0F007ECECD /* YJGameEngine.entitlements */,
				EC2985D2227AAC66007ECECD /* ProjectManager.swift */,
			);
			path = YJGameEngine;
			sourceTree = "<group>";
		};
		EC2985A1227A1D0F007ECECD /* YJGameEngineTests */ = {
			isa = PBXGroup;
			children = (
				EC2985A2227A1D0F007ECECD /* YJGameEngineTests.swift */,
				EC2985A4227A1D0F007ECECD /* Info.plist */,
			);
			path = YJGameEngineTests;
			sourceTree = "<group>";
		};
		EC2985AC227A1D0F007ECECD /* YJGameEngineUITests */ = {
			isa = PBXGroup;
			children = (
				EC2985AD227A1D0F007ECECD /* YJGameEngineUITests.swift */,
				EC2985AF227A1D0F007ECECD /* Info.plist */,
			);
			path = YJGameEngineUITests;
			sourceTree = "<group>";
		};
		EC2985BB227A223F007ECECD /* ProjectUI */ = {
			isa = PBXGroup;
			children = (
				EC2985C6227A6044007ECECD /* NewProjectViewController.swift */,
				EC2985C8227A6423007ECECD /* NewProjectWindow.storyboard */,
				EC42FD0B227CED4600AB72D9 /* LeftSideViewController.swift */,
				EC42FD15227E2C7500AB72D9 /* NewSchemaViewController.storyboard */,
				EC42FD17227E2CB800AB72D9 /* NewSchemaViewController.swift */,
				EC9833B222828C0700EECA75 /* WindowManager.swift */,
				EC9833B422828CE800EECA75 /* NewFieldViewController.storyboard */,
				EC9833B622828D4800EECA75 /* NewFieldViewController.swift */,
			);
			path = ProjectUI;
			sourceTree = "<group>";
		};
		EC2985CF227A73E4007ECECD /* EngineTool */ = {
			isa = PBXGroup;
			children = (
				EC42FD09227C0D0500AB72D9 /* EngineFileManager.swift */,
				EC2985D0227A73FB007ECECD /* AlertManager.swift */,
				EC42FD07227C0CDE00AB72D9 /* MyEffor.swift */,
			);
			name = EngineTool;
			sourceTree = "<group>";
		};
		EC42FD10227D1A2600AB72D9 /* Data */ = {
			isa = PBXGroup;
			children = (
				EC42FD11227D1A4300AB72D9 /* SchemaData.swift */,
				ECE086E422813B36004704FA /* SchemaField.swift */,
			);
			name = Data;
			sourceTree = "<group>";
		};
		EC9833B9228358FB00EECA75 /* Decipher */ = {
			isa = PBXGroup;
			children = (
				EC9833BA2283591A00EECA75 /* CSVDecipher.swift */,
			);
			name = Decipher;
			sourceTree = "<group>";
		};
/* End PBXGroup section */

/* Begin PBXNativeTarget section */
		EC29858B227A1D0E007ECECD /* YJGameEngine */ = {
			isa = PBXNativeTarget;
			buildConfigurationList = EC2985B2227A1D0F007ECECD /* Build configuration list for PBXNativeTarget "YJGameEngine" */;
			buildPhases = (
				EC298588227A1D0E007ECECD /* Sources */,
				EC298589227A1D0E007ECECD /* Frameworks */,
				EC29858A227A1D0E007ECECD /* Resources */,
			);
			buildRules = (
			);
			dependencies = (
			);
			name = YJGameEngine;
			productName = YJGameEngine;
			productReference = EC29858C227A1D0E007ECECD /* YJGameEngine.app */;
			productType = "com.apple.product-type.application";
		};
		EC29859D227A1D0F007ECECD /* YJGameEngineTests */ = {
			isa = PBXNativeTarget;
			buildConfigurationList = EC2985B5227A1D0F007ECECD /* Build configuration list for PBXNativeTarget "YJGameEngineTests" */;
			buildPhases = (
				EC29859A227A1D0F007ECECD /* Sources */,
				EC29859B227A1D0F007ECECD /* Frameworks */,
				EC29859C227A1D0F007ECECD /* Resources */,
			);
			buildRules = (
			);
			dependencies = (
				EC2985A0227A1D0F007ECECD /* PBXTargetDependency */,
			);
			name = YJGameEngineTests;
			productName = YJGameEngineTests;
			productReference = EC29859E227A1D0F007ECECD /* YJGameEngineTests.xctest */;
			productType = "com.apple.product-type.bundle.unit-test";
		};
		EC2985A8227A1D0F007ECECD /* YJGameEngineUITests */ = {
			isa = PBXNativeTarget;
			buildConfigurationList = EC2985B8227A1D0F007ECECD /* Build configuration list for PBXNativeTarget "YJGameEngineUITests" */;
			buildPhases = (
				EC2985A5227A1D0F007ECECD /* Sources */,
				EC2985A6227A1D0F007ECECD /* Frameworks */,
				EC2985A7227A1D0F007ECECD /* Resources */,
			);
			buildRules = (
			);
			dependencies = (
				EC2985AB227A1D0F007ECECD /* PBXTargetDependency */,
			);
			name = YJGameEngineUITests;
			productName = YJGameEngineUITests;
			productReference = EC2985A9227A1D0F007ECECD /* YJGameEngineUITests.xctest */;
			productType = "com.apple.product-type.bundle.ui-testing";
		};
/* End PBXNativeTarget section */

/* Begin PBXProject section */
		EC298584227A1D0E007ECECD /* Project object */ = {
			isa = PBXProject;
			attributes = {
				LastSwiftUpdateCheck = 1020;
				LastUpgradeCheck = 1020;
				ORGANIZATIONNAME = "Yujie Liu";
				TargetAttributes = {
					EC29858B227A1D0E007ECECD = {
						CreatedOnToolsVersion = 10.2;
						SystemCapabilities = {
							com.apple.Sandbox = {
								enabled = 0;
							};
						};
					};
					EC29859D227A1D0F007ECECD = {
						CreatedOnToolsVersion = 10.2;
						TestTargetID = EC29858B227A1D0E007ECECD;
					};
					EC2985A8227A1D0F007ECECD = {
						CreatedOnToolsVersion = 10.2;
						TestTargetID = EC29858B227A1D0E007ECECD;
					};
				};
			};
			buildConfigurationList = EC298587227A1D0E007ECECD /* Build configuration list for PBXProject "YJGameEngine" */;
			compatibilityVersion = "Xcode 9.3";
			developmentRegion = en;
			hasScannedForEncodings = 0;
			knownRegions = (
				en,
				Base,
			);
			mainGroup = EC298583227A1D0E007ECECD;
			productRefGroup = EC29858D227A1D0E007ECECD /* Products */;
			projectDirPath = "";
			projectRoot = "";
			targets = (
				EC29858B227A1D0E007ECECD /* YJGameEngine */,
				EC29859D227A1D0F007ECECD /* YJGameEngineTests */,
				EC2985A8227A1D0F007ECECD /* YJGameEngineUITests */,
			);
		};
/* End PBXProject section */

/* Begin PBXResourcesBuildPhase section */
		EC29858A227A1D0E007ECECD /* Resources */ = {
			isa = PBXResourcesBuildPhase;
			buildActionMask = 2147483647;
			files = (
				EC298594227A1D0F007ECECD /* Assets.xcassets in Resources */,
				EC298597227A1D0F007ECECD /* Main.storyboard in Resources */,
				EC9833B522828CE800EECA75 /* NewFieldViewController.storyboard in Resources */,
				EC2985C9227A6423007ECECD /* NewProjectWindow.storyboard in Resources */,
				EC42FD16227E2C7500AB72D9 /* NewSchemaViewController.storyboard in Resources */,
			);
			runOnlyForDeploymentPostprocessing = 0;
		};
		EC29859C227A1D0F007ECECD /* Resources */ = {
			isa = PBXResourcesBuildPhase;
			buildActionMask = 2147483647;
			files = (
			);
			runOnlyForDeploymentPostprocessing = 0;
		};
		EC2985A7227A1D0F007ECECD /* Resources */ = {
			isa = PBXResourcesBuildPhase;
			buildActionMask = 2147483647;
			files = (
			);
			runOnlyForDeploymentPostprocessing = 0;
		};
/* End PBXResourcesBuildPhase section */

/* Begin PBXSourcesBuildPhase section */
		EC298588227A1D0E007ECECD /* Sources */ = {
			isa = PBXSourcesBuildPhase;
			buildActionMask = 2147483647;
			files = (
				EC2985D1227A73FB007ECECD /* AlertManager.swift in Sources */,
				EC2985D3227AAC66007ECECD /* ProjectManager.swift in Sources */,
				EC42FD08227C0CDE00AB72D9 /* MyEffor.swift in Sources */,
				EC2985C7227A6044007ECECD /* NewProjectViewController.swift in Sources */,
				EC9833B322828C0700EECA75 /* WindowManager.swift in Sources */,
				EC42FD0A227C0D0500AB72D9 /* EngineFileManager.swift in Sources */,
				EC42FD0C227CED4600AB72D9 /* LeftSideViewController.swift in Sources */,
				EC298590227A1D0E007ECECD /* AppDelegate.swift in Sources */,
				EC42FD18227E2CB800AB72D9 /* NewSchemaViewController.swift in Sources */,
				EC42FD12227D1A4300AB72D9 /* SchemaData.swift in Sources */,
				ECE086E522813B36004704FA /* SchemaField.swift in Sources */,
				EC9833B722828D4800EECA75 /* NewFieldViewController.swift in Sources */,
				EC9833BB2283591A00EECA75 /* CSVDecipher.swift in Sources */,
			);
			runOnlyForDeploymentPostprocessing = 0;
		};
		EC29859A227A1D0F007ECECD /* Sources */ = {
			isa = PBXSourcesBuildPhase;
			buildActionMask = 2147483647;
			files = (
				EC2985A3227A1D0F007ECECD /* YJGameEngineTests.swift in Sources */,
			);
			runOnlyForDeploymentPostprocessing = 0;
		};
		EC2985A5227A1D0F007ECECD /* Sources */ = {
			isa = PBXSourcesBuildPhase;
			buildActionMask = 2147483647;
			files = (
				EC2985AE227A1D0F007ECECD /* YJGameEngineUITests.swift in Sources */,
			);
			runOnlyForDeploymentPostprocessing = 0;
		};
/* End PBXSourcesBuildPhase section */

/* Begin PBXTargetDependency section */
		EC2985A0227A1D0F007ECECD /* PBXTargetDependency */ = {
			isa = PBXTargetDependency;
			target = EC29858B227A1D0E007ECECD /* YJGameEngine */;
			targetProxy = EC29859F227A1D0F007ECECD /* PBXContainerItemProxy */;
		};
		EC2985AB227A1D0F007ECECD /* PBXTargetDependency */ = {
			isa = PBXTargetDependency;
			target = EC29858B227A1D0E007ECECD /* YJGameEngine */;
			targetProxy = EC2985AA227A1D0F007ECECD /* PBXContainerItemProxy */;
		};
/* End PBXTargetDependency section */

/* Begin PBXVariantGroup section */
		EC298595227A1D0F007ECECD /* Main.storyboard */ = {
			isa = PBXVariantGroup;
			children = (
				EC298596227A1D0F007ECECD /* Base */,
			);
			name = Main.storyboard;
			sourceTree = "<group>";
		};
/* End PBXVariantGroup section */

/* Begin XCBuildConfiguration section */
		EC2985B0227A1D0F007ECECD /* Debug */ = {
			isa = XCBuildConfiguration;
			buildSettings = {
				ALWAYS_SEARCH_USER_PATHS = NO;
				CLANG_ANALYZER_NONNULL = YES;
				CLANG_ANALYZER_NUMBER_OBJECT_CONVERSION = YES_AGGRESSIVE;
				CLANG_CXX_LANGUAGE_STANDARD = "gnu++14";
				CLANG_CXX_LIBRARY = "libc++";
				CLANG_ENABLE_MODULES = YES;
				CLANG_ENABLE_OBJC_ARC = YES;
				CLANG_ENABLE_OBJC_WEAK = YES;
				CLANG_WARN_BLOCK_CAPTURE_AUTORELEASING = YES;
				CLANG_WARN_BOOL_CONVERSION = YES;
				CLANG_WARN_COMMA = YES;
				CLANG_WARN_CONSTANT_CONVERSION = YES;
				CLANG_WARN_DEPRECATED_OBJC_IMPLEMENTATIONS = YES;
				CLANG_WARN_DIRECT_OBJC_ISA_USAGE = YES_ERROR;
				CLANG_WARN_DOCUMENTATION_COMMENTS = YES;
				CLANG_WARN_EMPTY_BODY = YES;
				CLANG_WARN_ENUM_CONVERSION = YES;
				CLANG_WARN_INFINITE_RECURSION = YES;
				CLANG_WARN_INT_CONVERSION = YES;
				CLANG_WARN_NON_LITERAL_NULL_CONVERSION = YES;
				CLANG_WARN_OBJC_IMPLICIT_RETAIN_SELF = YES;
				CLANG_WARN_OBJC_LITERAL_CONVERSION = YES;
				CLANG_WARN_OBJC_ROOT_CLASS = YES_ERROR;
				CLANG_WARN_RANGE_LOOP_ANALYSIS = YES;
				CLANG_WARN_STRICT_PROTOTYPES = YES;
				CLANG_WARN_SUSPICIOUS_MOVE = YES;
				CLANG_WARN_UNGUARDED_AVAILABILITY = YES_AGGRESSIVE;
				CLANG_WARN_UNREACHABLE_CODE = YES;
				CLANG_WARN__DUPLICATE_METHOD_MATCH = YES;
				CODE_SIGN_IDENTITY = "Mac Developer";
				COPY_PHASE_STRIP = NO;
				DEBUG_INFORMATION_FORMAT = dwarf;
				ENABLE_STRICT_OBJC_MSGSEND = YES;
				ENABLE_TESTABILITY = YES;
				GCC_C_LANGUAGE_STANDARD = gnu11;
				GCC_DYNAMIC_NO_PIC = NO;
				GCC_NO_COMMON_BLOCKS = YES;
				GCC_OPTIMIZATION_LEVEL = 0;
				GCC_PREPROCESSOR_DEFINITIONS = (
					"DEBUG=1",
					"$(inherited)",
				);
				GCC_WARN_64_TO_32_BIT_CONVERSION = YES;
				GCC_WARN_ABOUT_RETURN_TYPE = YES_ERROR;
				GCC_WARN_UNDECLARED_SELECTOR = YES;
				GCC_WARN_UNINITIALIZED_AUTOS = YES_AGGRESSIVE;
				GCC_WARN_UNUSED_FUNCTION = YES;
				GCC_WARN_UNUSED_VARIABLE = YES;
				MACOSX_DEPLOYMENT_TARGET = 10.14;
				MTL_ENABLE_DEBUG_INFO = INCLUDE_SOURCE;
				MTL_FAST_MATH = YES;
				ONLY_ACTIVE_ARCH = YES;
				SDKROOT = macosx;
				SWIFT_ACTIVE_COMPILATION_CONDITIONS = DEBUG;
				SWIFT_OPTIMIZATION_LEVEL = "-Onone";
			};
			name = Debug;
		};
		EC2985B1227A1D0F007ECECD /* Release */ = {
			isa = XCBuildConfiguration;
			buildSettings = {
				ALWAYS_SEARCH_USER_PATHS = NO;
				CLANG_ANALYZER_NONNULL = YES;
				CLANG_ANALYZER_NUMBER_OBJECT_CONVERSION = YES_AGGRESSIVE;
				CLANG_CXX_LANGUAGE_STANDARD = "gnu++14";
				CLANG_CXX_LIBRARY = "libc++";
				CLANG_ENABLE_MODULES = YES;
				CLANG_ENABLE_OBJC_ARC = YES;
				CLANG_ENABLE_OBJC_WEAK = YES;
				CLANG_WARN_BLOCK_CAPTURE_AUTORELEASING = YES;
				CLANG_WARN_BOOL_CONVERSION = YES;
				CLANG_WARN_COMMA = YES;
				CLANG_WARN_CONSTANT_CONVERSION = YES;
				CLANG_WARN_DEPRECATED_OBJC_IMPLEMENTATIONS = YES;
				CLANG_WARN_DIRECT_OBJC_ISA_USAGE = YES_ERROR;
				CLANG_WARN_DOCUMENTATION_COMMENTS = YES;
				CLANG_WARN_EMPTY_BODY = YES;
				CLANG_WARN_ENUM_CONVERSION = YES;
				CLANG_WARN_INFINITE_RECURSION = YES;
				CLANG_WARN_INT_CONVERSION = YES;
				CLANG_WARN_NON_LITERAL_NULL_CONVERSION = YES;
				CLANG_WARN_OBJC_IMPLICIT_RETAIN_SELF = YES;
				CLANG_WARN_OBJC_LITERAL_CONVERSION = YES;
				CLANG_WARN_OBJC_ROOT_CLASS = YES_ERROR;
				CLANG_WARN_RANGE_LOOP_ANALYSIS = YES;
				CLANG_WARN_STRICT_PROTOTYPES = YES;
				CLANG_WARN_SUSPICIOUS_MOVE = YES;
				CLANG_WARN_UNGUARDED_AVAILABILITY = YES_AGGRESSIVE;
				CLANG_WARN_UNREACHABLE_CODE = YES;
				CLANG_WARN__DUPLICATE_METHOD_MATCH = YES;
				CODE_SIGN_IDENTITY = "Mac Developer";
				COPY_PHASE_STRIP = NO;
				DEBUG_INFORMATION_FORMAT = "dwarf-with-dsym";
				ENABLE_NS_ASSERTIONS = NO;
				ENABLE_STRICT_OBJC_MSGSEND = YES;
				GCC_C_LANGUAGE_STANDARD = gnu11;
				GCC_NO_COMMON_BLOCKS = YES;
				GCC_WARN_64_TO_32_BIT_CONVERSION = YES;
				GCC_WARN_ABOUT_RETURN_TYPE = YES_ERROR;
				GCC_WARN_UNDECLARED_SELECTOR = YES;
				GCC_WARN_UNINITIALIZED_AUTOS = YES_AGGRESSIVE;
				GCC_WARN_UNUSED_FUNCTION = YES;
				GCC_WARN_UNUSED_VARIABLE = YES;
				MACOSX_DEPLOYMENT_TARGET = 10.14;
				MTL_ENABLE_DEBUG_INFO = NO;
				MTL_FAST_MATH = YES;
				SDKROOT = macosx;
				SWIFT_COMPILATION_MODE = wholemodule;
				SWIFT_OPTIMIZATION_LEVEL = "-O";
			};
			name = Release;
		};
		EC2985B3227A1D0F007ECECD /* Debug */ = {
			isa = XCBuildConfiguration;
			buildSettings = {
				ASSETCATALOG_COMPILER_APPICON_NAME = AppIcon;
				CODE_SIGN_STYLE = Automatic;
				COMBINE_HIDPI_IMAGES = YES;
				DEVELOPMENT_TEAM = J6B37H3SRB;
				INFOPLIST_FILE = YJGameEngine/Info.plist;
				LD_RUNPATH_SEARCH_PATHS = (
					"$(inherited)",
					"@executable_path/../Frameworks",
				);
				PRODUCT_BUNDLE_IDENTIFIER = liuyujie.YJGameEngine;
				PRODUCT_NAME = "$(TARGET_NAME)";
				SWIFT_VERSION = 5.0;
			};
			name = Debug;
		};
		EC2985B4227A1D0F007ECECD /* Release */ = {
			isa = XCBuildConfiguration;
			buildSettings = {
				ASSETCATALOG_COMPILER_APPICON_NAME = AppIcon;
				CODE_SIGN_STYLE = Automatic;
				COMBINE_HIDPI_IMAGES = YES;
				DEVELOPMENT_TEAM = J6B37H3SRB;
				INFOPLIST_FILE = YJGameEngine/Info.plist;
				LD_RUNPATH_SEARCH_PATHS = (
					"$(inherited)",
					"@executable_path/../Frameworks",
				);
				PRODUCT_BUNDLE_IDENTIFIER = liuyujie.YJGameEngine;
				PRODUCT_NAME = "$(TARGET_NAME)";
				SWIFT_VERSION = 5.0;
			};
			name = Release;
		};
		EC2985B6227A1D0F007ECECD /* Debug */ = {
			isa = XCBuildConfiguration;
			buildSettings = {
				ALWAYS_EMBED_SWIFT_STANDARD_LIBRARIES = YES;
				BUNDLE_LOADER = "$(TEST_HOST)";
				CODE_SIGN_STYLE = Automatic;
				COMBINE_HIDPI_IMAGES = YES;
				DEVELOPMENT_TEAM = J6B37H3SRB;
				INFOPLIST_FILE = YJGameEngineTests/Info.plist;
				LD_RUNPATH_SEARCH_PATHS = (
					"$(inherited)",
					"@executable_path/../Frameworks",
					"@loader_path/../Frameworks",
				);
				PRODUCT_BUNDLE_IDENTIFIER = liuyujie.YJGameEngineTests;
				PRODUCT_NAME = "$(TARGET_NAME)";
				SWIFT_VERSION = 5.0;
				TEST_HOST = "$(BUILT_PRODUCTS_DIR)/YJGameEngine.app/Contents/MacOS/YJGameEngine";
			};
			name = Debug;
		};
		EC2985B7227A1D0F007ECECD /* Release */ = {
			isa = XCBuildConfiguration;
			buildSettings = {
				ALWAYS_EMBED_SWIFT_STANDARD_LIBRARIES = YES;
				BUNDLE_LOADER = "$(TEST_HOST)";
				CODE_SIGN_STYLE = Automatic;
				COMBINE_HIDPI_IMAGES = YES;
				DEVELOPMENT_TEAM = J6B37H3SRB;
				INFOPLIST_FILE = YJGameEngineTests/Info.plist;
				LD_RUNPATH_SEARCH_PATHS = (
					"$(inherited)",
					"@executable_path/../Frameworks",
					"@loader_path/../Frameworks",
				);
				PRODUCT_BUNDLE_IDENTIFIER = liuyujie.YJGameEngineTests;
				PRODUCT_NAME = "$(TARGET_NAME)";
				SWIFT_VERSION = 5.0;
				TEST_HOST = "$(BUILT_PRODUCTS_DIR)/YJGameEngine.app/Contents/MacOS/YJGameEngine";
			};
			name = Release;
		};
		EC2985B9227A1D0F007ECECD /* Debug */ = {
			isa = XCBuildConfiguration;
			buildSettings = {
				ALWAYS_EMBED_SWIFT_STANDARD_LIBRARIES = YES;
				CODE_SIGN_STYLE = Automatic;
				COMBINE_HIDPI_IMAGES = YES;
				DEVELOPMENT_TEAM = J6B37H3SRB;
				INFOPLIST_FILE = YJGameEngineUITests/Info.plist;
				LD_RUNPATH_SEARCH_PATHS = (
					"$(inherited)",
					"@executable_path/../Frameworks",
					"@loader_path/../Frameworks",
				);
				PRODUCT_BUNDLE_IDENTIFIER = liuyujie.YJGameEngineUITests;
				PRODUCT_NAME = "$(TARGET_NAME)";
				SWIFT_VERSION = 5.0;
				TEST_TARGET_NAME = YJGameEngine;
			};
			name = Debug;
		};
		EC2985BA227A1D0F007ECECD /* Release */ = {
			isa = XCBuildConfiguration;
			buildSettings = {
				ALWAYS_EMBED_SWIFT_STANDARD_LIBRARIES = YES;
				CODE_SIGN_STYLE = Automatic;
				COMBINE_HIDPI_IMAGES = YES;
				DEVELOPMENT_TEAM = J6B37H3SRB;
				INFOPLIST_FILE = YJGameEngineUITests/Info.plist;
				LD_RUNPATH_SEARCH_PATHS = (
					"$(inherited)",
					"@executable_path/../Frameworks",
					"@loader_path/../Frameworks",
				);
				PRODUCT_BUNDLE_IDENTIFIER = liuyujie.YJGameEngineUITests;
				PRODUCT_NAME = "$(TARGET_NAME)";
				SWIFT_VERSION = 5.0;
				TEST_TARGET_NAME = YJGameEngine;
			};
			name = Release;
		};
/* End XCBuildConfiguration section */

/* Begin XCConfigurationList section */
		EC298587227A1D0E007ECECD /* Build configuration list for PBXProject "YJGameEngine" */ = {
			isa = XCConfigurationList;
			buildConfigurations = (
				EC2985B0227A1D0F007ECECD /* Debug */,
				EC2985B1227A1D0F007ECECD /* Release */,
			);
			defaultConfigurationIsVisible = 0;
			defaultConfigurationName = Release;
		};
		EC2985B2227A1D0F007ECECD /* Build configuration list for PBXNativeTarget "YJGameEngine" */ = {
			isa = XCConfigurationList;
			buildConfigurations = (
				EC2985B3227A1D0F007ECECD /* Debug */,
				EC2985B4227A1D0F007ECECD /* Release */,
			);
			defaultConfigurationIsVisible = 0;
			defaultConfigurationName = Release;
		};
		EC2985B5227A1D0F007ECECD /* Build configuration list for PBXNativeTarget "YJGameEngineTests" */ = {
			isa = XCConfigurationList;
			buildConfigurations = (
				EC2985B6227A1D0F007ECECD /* Debug */,
				EC2985B7227A1D0F007ECECD /* Release */,
			);
			defaultConfigurationIsVisible = 0;
			defaultConfigurationName = Release;
		};
		EC2985B8227A1D0F007ECECD /* Build configuration list for PBXNativeTarget "YJGameEngineUITests" */ = {
			isa = XCConfigurationList;
			buildConfigurations = (
				EC2985B9227A1D0F007ECECD /* Debug */,
				EC2985BA227A1D0F007ECECD /* Release */,
			);
			defaultConfigurationIsVisible = 0;
			defaultConfigurationName = Release;
		};
/* End XCConfigurationList section */
	};
	rootObject = EC298584227A1D0E007ECECD /* Project object */;
}
